// !$*UTF8*$!
{
	archiveVersion = 1;
	classes = {
	};
	objectVersion = 50;
	objects = {

/* Begin PBXBuildFile section */
		A91CC880238CBE6300351964 /* Semaphore.swift in Sources */ = {isa = PBXBuildFile; fileRef = A91CC87F238CBE6300351964 /* Semaphore.swift */; };
		A91CC882238E090300351964 /* ConditionLock.swift in Sources */ = {isa = PBXBuildFile; fileRef = A91CC881238E090300351964 /* ConditionLock.swift */; };
		A93715DD2386797700850906 /* MutexLock.swift in Sources */ = {isa = PBXBuildFile; fileRef = A93715DC2386797700850906 /* MutexLock.swift */; };
		A93715DF2386798D00850906 /* MutexRecursiveLock.swift in Sources */ = {isa = PBXBuildFile; fileRef = A93715DE2386798D00850906 /* MutexRecursiveLock.swift */; };
		A93715E1238680E100850906 /* ThreadLockMsg.swift in Sources */ = {isa = PBXBuildFile; fileRef = A93715E0238680E100850906 /* ThreadLockMsg.swift */; };
		A93715E423878B5000850906 /* ReadWriteLock.swift in Sources */ = {isa = PBXBuildFile; fileRef = A93715E323878B5000850906 /* ReadWriteLock.swift */; };
		A959EC6223866ACB00A918A9 /* main.swift in Sources */ = {isa = PBXBuildFile; fileRef = A959EC6123866ACB00A918A9 /* main.swift */; };
		A959EC6A23866AE000A918A9 /* SpinLock.swift in Sources */ = {isa = PBXBuildFile; fileRef = A959EC6923866AE000A918A9 /* SpinLock.swift */; };
		A959EC6D2386747B00A918A9 /* SpinRecursiveLock.swift in Sources */ = {isa = PBXBuildFile; fileRef = A959EC6C2386747B00A918A9 /* SpinRecursiveLock.swift */; };
		A9F0CE0D23E81D910083FD5A /* Atomic.c in Sources */ = {isa = PBXBuildFile; fileRef = A9F0CE0C23E81D910083FD5A /* Atomic.c */; };
/* End PBXBuildFile section */

/* Begin PBXCopyFilesBuildPhase section */
		A959EC5C23866ACB00A918A9 /* CopyFiles */ = {
			isa = PBXCopyFilesBuildPhase;
			buildActionMask = 2147483647;
			dstPath = /usr/share/man/man1/;
			dstSubfolderSpec = 0;
			files = (
			);
			runOnlyForDeploymentPostprocessing = 1;
		};
/* End PBXCopyFilesBuildPhase section */

/* Begin PBXFileReference section */
		A91CC87F238CBE6300351964 /* Semaphore.swift */ = {isa = PBXFileReference; lastKnownFileType = sourcecode.swift; path = Semaphore.swift; sourceTree = "<group>"; };
		A91CC881238E090300351964 /* ConditionLock.swift */ = {isa = PBXFileReference; lastKnownFileType = sourcecode.swift; path = ConditionLock.swift; sourceTree = "<group>"; };
		A93715DC2386797700850906 /* MutexLock.swift */ = {isa = PBXFileReference; lastKnownFileType = sourcecode.swift; path = MutexLock.swift; sourceTree = "<group>"; };
		A93715DE2386798D00850906 /* MutexRecursiveLock.swift */ = {isa = PBXFileReference; lastKnownFileType = sourcecode.swift; path = MutexRecursiveLock.swift; sourceTree = "<group>"; };
		A93715E0238680E100850906 /* ThreadLockMsg.swift */ = {isa = PBXFileReference; lastKnownFileType = sourcecode.swift; path = ThreadLockMsg.swift; sourceTree = "<group>"; };
		A93715E22386969000850906 /* README.md */ = {isa = PBXFileReference; lastKnownFileType = net.daringfireball.markdown; path = README.md; sourceTree = SOURCE_ROOT; };
		A93715E323878B5000850906 /* ReadWriteLock.swift */ = {isa = PBXFileReference; lastKnownFileType = sourcecode.swift; path = ReadWriteLock.swift; sourceTree = "<group>"; };
		A959EC5E23866ACB00A918A9 /* Lock */ = {isa = PBXFileReference; explicitFileType = "compiled.mach-o.executable"; includeInIndex = 0; path = Lock; sourceTree = BUILT_PRODUCTS_DIR; };
		A959EC6123866ACB00A918A9 /* main.swift */ = {isa = PBXFileReference; lastKnownFileType = sourcecode.swift; path = main.swift; sourceTree = "<group>"; };
		A959EC6923866AE000A918A9 /* SpinLock.swift */ = {isa = PBXFileReference; lastKnownFileType = sourcecode.swift; path = SpinLock.swift; sourceTree = "<group>"; };
		A959EC6C2386747B00A918A9 /* SpinRecursiveLock.swift */ = {isa = PBXFileReference; lastKnownFileType = sourcecode.swift; path = SpinRecursiveLock.swift; sourceTree = "<group>"; };
		A9F0CE0A23E81D910083FD5A /* Lock-Bridging-Header.h */ = {isa = PBXFileReference; lastKnownFileType = sourcecode.c.h; path = "Lock-Bridging-Header.h"; sourceTree = "<group>"; };
		A9F0CE0B23E81D910083FD5A /* Atomic.h */ = {isa = PBXFileReference; lastKnownFileType = sourcecode.c.h; path = Atomic.h; sourceTree = "<group>"; };
		A9F0CE0C23E81D910083FD5A /* Atomic.c */ = {isa = PBXFileReference; lastKnownFileType = sourcecode.c.c; path = Atomic.c; sourceTree = "<group>"; };
/* End PBXFileReference section */

/* Begin PBXFrameworksBuildPhase section */
		A959EC5B23866ACB00A918A9 /* Frameworks */ = {
			isa = PBXFrameworksBuildPhase;
			buildActionMask = 2147483647;
			files = (
			);
			runOnlyForDeploymentPostprocessing = 0;
		};
/* End PBXFrameworksBuildPhase section */

/* Begin PBXGroup section */
		A959EC5523866ACB00A918A9 = {
			isa = PBXGroup;
			children = (
				A959EC6023866ACB00A918A9 /* Lock */,
				A959EC5F23866ACB00A918A9 /* Products */,
			);
			sourceTree = "<group>";
		};
		A959EC5F23866ACB00A918A9 /* Products */ = {
			isa = PBXGroup;
			children = (
				A959EC5E23866ACB00A918A9 /* Lock */,
			);
			name = Products;
			sourceTree = "<group>";
		};
		A959EC6023866ACB00A918A9 /* Lock */ = {
			isa = PBXGroup;
			children = (
				A959EC6823866AD200A918A9 /* Sources */,
				A959EC6123866ACB00A918A9 /* main.swift */,
			);
			path = Lock;
			sourceTree = "<group>";
		};
		A959EC6823866AD200A918A9 /* Sources */ = {
			isa = PBXGroup;
			children = (
				A9F0CE0B23E81D910083FD5A /* Atomic.h */,
				A9F0CE0C23E81D910083FD5A /* Atomic.c */,
				A9F0CE0A23E81D910083FD5A /* Lock-Bridging-Header.h */,
				A93715E22386969000850906 /* README.md */,
				A959EC6923866AE000A918A9 /* SpinLock.swift */,
				A959EC6C2386747B00A918A9 /* SpinRecursiveLock.swift */,
				A93715DC2386797700850906 /* MutexLock.swift */,
				A93715DE2386798D00850906 /* MutexRecursiveLock.swift */,
				A91CC87F238CBE6300351964 /* Semaphore.swift */,
				A93715E323878B5000850906 /* ReadWriteLock.swift */,
				A91CC881238E090300351964 /* ConditionLock.swift */,
				A93715E0238680E100850906 /* ThreadLockMsg.swift */,
			);
			path = Sources;
			sourceTree = "<group>";
		};
/* End PBXGroup section */

/* Begin PBXNativeTarget section */
		A959EC5D23866ACB00A918A9 /* Lock */ = {
			isa = PBXNativeTarget;
			buildConfigurationList = A959EC6523866ACB00A918A9 /* Build configuration list for PBXNativeTarget "Lock" */;
			buildPhases = (
				A959EC5A23866ACB00A918A9 /* Sources */,
				A959EC5B23866ACB00A918A9 /* Frameworks */,
				A959EC5C23866ACB00A918A9 /* CopyFiles */,
			);
			buildRules = (
			);
			dependencies = (
			);
			name = Lock;
			productName = Lock;
			productReference = A959EC5E23866ACB00A918A9 /* Lock */;
			productType = "com.apple.product-type.tool";
		};
/* End PBXNativeTarget section */

/* Begin PBXProject section */
		A959EC5623866ACB00A918A9 /* Project object */ = {
			isa = PBXProject;
			attributes = {
				LastSwiftUpdateCheck = 1110;
				LastUpgradeCheck = 1110;
				ORGANIZATIONNAME = jintao;
				TargetAttributes = {
					A959EC5D23866ACB00A918A9 = {
						CreatedOnToolsVersion = 11.1;
						LastSwiftMigration = 1110;
					};
				};
			};
			buildConfigurationList = A959EC5923866ACB00A918A9 /* Build configuration list for PBXProject "Lock" */;
			compatibilityVersion = "Xcode 9.3";
			developmentRegion = en;
			hasScannedForEncodings = 0;
			knownRegions = (
				en,
				Base,
			);
			mainGroup = A959EC5523866ACB00A918A9;
			productRefGroup = A959EC5F23866ACB00A918A9 /* Products */;
			projectDirPath = "";
			projectRoot = "";
			targets = (
				A959EC5D23866ACB00A918A9 /* Lock */,
			);
		};
/* End PBXProject section */

/* Begin PBXSourcesBuildPhase section */
		A959EC5A23866ACB00A918A9 /* Sources */ = {
			isa = PBXSourcesBuildPhase;
			buildActionMask = 2147483647;
			files = (
				A959EC6A23866AE000A918A9 /* SpinLock.swift in Sources */,
				A959EC6D2386747B00A918A9 /* SpinRecursiveLock.swift in Sources */,
				A93715E423878B5000850906 /* ReadWriteLock.swift in Sources */,
				A93715E1238680E100850906 /* ThreadLockMsg.swift in Sources */,
				A93715DD2386797700850906 /* MutexLock.swift in Sources */,
				A91CC882238E090300351964 /* ConditionLock.swift in Sources */,
				A93715DF2386798D00850906 /* MutexRecursiveLock.swift in Sources */,
				A91CC880238CBE6300351964 /* Semaphore.swift in Sources */,
				A9F0CE0D23E81D910083FD5A /* Atomic.c in Sources */,
				A959EC6223866ACB00A918A9 /* main.swift in Sources */,
			);
			runOnlyForDeploymentPostprocessing = 0;
		};
/* End PBXSourcesBuildPhase section */

/* Begin XCBuildConfiguration section */
		A959EC6323866ACB00A918A9 /* Debug */ = {
			isa = XCBuildConfiguration;
			buildSettings = {
				ALWAYS_SEARCH_USER_PATHS = NO;
				CLANG_ANALYZER_NONNULL = YES;
				CLANG_ANALYZER_NUMBER_OBJECT_CONVERSION = YES_AGGRESSIVE;
				CLANG_CXX_LANGUAGE_STANDARD = "gnu++14";
				CLANG_CXX_LIBRARY = "libc++";
				CLANG_ENABLE_MODULES = YES;
				CLANG_ENABLE_OBJC_ARC = YES;
				CLANG_ENABLE_OBJC_WEAK = YES;
				CLANG_WARN_BLOCK_CAPTURE_AUTORELEASING = YES;
				CLANG_WARN_BOOL_CONVERSION = YES;
				CLANG_WARN_COMMA = YES;
				CLANG_WARN_CONSTANT_CONVERSION = YES;
				CLANG_WARN_DEPRECATED_OBJC_IMPLEMENTATIONS = YES;
				CLANG_WARN_DIRECT_OBJC_ISA_USAGE = YES_ERROR;
				CLANG_WARN_DOCUMENTATION_COMMENTS = YES;
				CLANG_WARN_EMPTY_BODY = YES;
				CLANG_WARN_ENUM_CONVERSION = YES;
				CLANG_WARN_INFINITE_RECURSION = YES;
				CLANG_WARN_INT_CONVERSION = YES;
				CLANG_WARN_NON_LITERAL_NULL_CONVERSION = YES;
				CLANG_WARN_OBJC_IMPLICIT_RETAIN_SELF = YES;
				CLANG_WARN_OBJC_LITERAL_CONVERSION = YES;
				CLANG_WARN_OBJC_ROOT_CLASS = YES_ERROR;
				CLANG_WARN_RANGE_LOOP_ANALYSIS = YES;
				CLANG_WARN_STRICT_PROTOTYPES = YES;
				CLANG_WARN_SUSPICIOUS_MOVE = YES;
				CLANG_WARN_UNGUARDED_AVAILABILITY = YES_AGGRESSIVE;
				CLANG_WARN_UNREACHABLE_CODE = YES;
				CLANG_WARN__DUPLICATE_METHOD_MATCH = YES;
				COPY_PHASE_STRIP = NO;
				DEBUG_INFORMATION_FORMAT = dwarf;
				ENABLE_STRICT_OBJC_MSGSEND = YES;
				ENABLE_TESTABILITY = YES;
				GCC_C_LANGUAGE_STANDARD = gnu11;
				GCC_DYNAMIC_NO_PIC = NO;
				GCC_NO_COMMON_BLOCKS = YES;
				GCC_OPTIMIZATION_LEVEL = 0;
				GCC_PREPROCESSOR_DEFINITIONS = (
					"DEBUG=1",
					"$(inherited)",
				);
				GCC_WARN_64_TO_32_BIT_CONVERSION = YES;
				GCC_WARN_ABOUT_RETURN_TYPE = YES_ERROR;
				GCC_WARN_UNDECLARED_SELECTOR = YES;
				GCC_WARN_UNINITIALIZED_AUTOS = YES_AGGRESSIVE;
				GCC_WARN_UNUSED_FUNCTION = YES;
				GCC_WARN_UNUSED_VARIABLE = YES;
				MACOSX_DEPLOYMENT_TARGET = 10.14;
				MTL_ENABLE_DEBUG_INFO = INCLUDE_SOURCE;
				MTL_FAST_MATH = YES;
				ONLY_ACTIVE_ARCH = YES;
				SDKROOT = macosx;
				SWIFT_ACTIVE_COMPILATION_CONDITIONS = DEBUG;
				SWIFT_OPTIMIZATION_LEVEL = "-Onone";
			};
			name = Debug;
		};
		A959EC6423866ACB00A918A9 /* Release */ = {
			isa = XCBuildConfiguration;
			buildSettings = {
				ALWAYS_SEARCH_USER_PATHS = NO;
				CLANG_ANALYZER_NONNULL = YES;
				CLANG_ANALYZER_NUMBER_OBJECT_CONVERSION = YES_AGGRESSIVE;
				CLANG_CXX_LANGUAGE_STANDARD = "gnu++14";
				CLANG_CXX_LIBRARY = "libc++";
				CLANG_ENABLE_MODULES = YES;
				CLANG_ENABLE_OBJC_ARC = YES;
				CLANG_ENABLE_OBJC_WEAK = YES;
				CLANG_WARN_BLOCK_CAPTURE_AUTORELEASING = YES;
				CLANG_WARN_BOOL_CONVERSION = YES;
				CLANG_WARN_COMMA = YES;
				CLANG_WARN_CONSTANT_CONVERSION = YES;
				CLANG_WARN_DEPRECATED_OBJC_IMPLEMENTATIONS = YES;
				CLANG_WARN_DIRECT_OBJC_ISA_USAGE = YES_ERROR;
				CLANG_WARN_DOCUMENTATION_COMMENTS = YES;
				CLANG_WARN_EMPTY_BODY = YES;
				CLANG_WARN_ENUM_CONVERSION = YES;
				CLANG_WARN_INFINITE_RECURSION = YES;
				CLANG_WARN_INT_CONVERSION = YES;
				CLANG_WARN_NON_LITERAL_NULL_CONVERSION = YES;
				CLANG_WARN_OBJC_IMPLICIT_RETAIN_SELF = YES;
				CLANG_WARN_OBJC_LITERAL_CONVERSION = YES;
				CLANG_WARN_OBJC_ROOT_CLASS = YES_ERROR;
				CLANG_WARN_RANGE_LOOP_ANALYSIS = YES;
				CLANG_WARN_STRICT_PROTOTYPES = YES;
				CLANG_WARN_SUSPICIOUS_MOVE = YES;
				CLANG_WARN_UNGUARDED_AVAILABILITY = YES_AGGRESSIVE;
				CLANG_WARN_UNREACHABLE_CODE = YES;
				CLANG_WARN__DUPLICATE_METHOD_MATCH = YES;
				COPY_PHASE_STRIP = NO;
				DEBUG_INFORMATION_FORMAT = "dwarf-with-dsym";
				ENABLE_NS_ASSERTIONS = NO;
				ENABLE_STRICT_OBJC_MSGSEND = YES;
				GCC_C_LANGUAGE_STANDARD = gnu11;
				GCC_NO_COMMON_BLOCKS = YES;
				GCC_WARN_64_TO_32_BIT_CONVERSION = YES;
				GCC_WARN_ABOUT_RETURN_TYPE = YES_ERROR;
				GCC_WARN_UNDECLARED_SELECTOR = YES;
				GCC_WARN_UNINITIALIZED_AUTOS = YES_AGGRESSIVE;
				GCC_WARN_UNUSED_FUNCTION = YES;
				GCC_WARN_UNUSED_VARIABLE = YES;
				MACOSX_DEPLOYMENT_TARGET = 10.14;
				MTL_ENABLE_DEBUG_INFO = NO;
				MTL_FAST_MATH = YES;
				SDKROOT = macosx;
				SWIFT_COMPILATION_MODE = wholemodule;
				SWIFT_OPTIMIZATION_LEVEL = "-O";
			};
			name = Release;
		};
		A959EC6623866ACB00A918A9 /* Debug */ = {
			isa = XCBuildConfiguration;
			buildSettings = {
				CLANG_ENABLE_MODULES = YES;
				CODE_SIGN_STYLE = Automatic;
				DEVELOPMENT_TEAM = 8HX9UN9S6G;
				ENABLE_HARDENED_RUNTIME = YES;
				LD_RUNPATH_SEARCH_PATHS = (
					"$(inherited)",
					"@executable_path/../Frameworks",
					"@loader_path/../Frameworks",
				);
				PRODUCT_NAME = "$(TARGET_NAME)";
				SWIFT_OBJC_BRIDGING_HEADER = "Lock/Sources/Lock-Bridging-Header.h";
				SWIFT_OPTIMIZATION_LEVEL = "-Onone";
				SWIFT_VERSION = 5.0;
			};
			name = Debug;
		};
		A959EC6723866ACB00A918A9 /* Release */ = {
			isa = XCBuildConfiguration;
			buildSettings = {
				CLANG_ENABLE_MODULES = YES;
				CODE_SIGN_STYLE = Automatic;
				DEVELOPMENT_TEAM = 8HX9UN9S6G;
				ENABLE_HARDENED_RUNTIME = YES;
				LD_RUNPATH_SEARCH_PATHS = (
					"$(inherited)",
					"@executable_path/../Frameworks",
					"@loader_path/../Frameworks",
				);
				PRODUCT_NAME = "$(TARGET_NAME)";
				SWIFT_OBJC_BRIDGING_HEADER = "Lock/Sources/Lock-Bridging-Header.h";
				SWIFT_VERSION = 5.0;
			};
			name = Release;
		};
/* End XCBuildConfiguration section */

/* Begin XCConfigurationList section */
		A959EC5923866ACB00A918A9 /* Build configuration list for PBXProject "Lock" */ = {
			isa = XCConfigurationList;
			buildConfigurations = (
				A959EC6323866ACB00A918A9 /* Debug */,
				A959EC6423866ACB00A918A9 /* Release */,
			);
			defaultConfigurationIsVisible = 0;
			defaultConfigurationName = Release;
		};
		A959EC6523866ACB00A918A9 /* Build configuration list for PBXNativeTarget "Lock" */ = {
			isa = XCConfigurationList;
			buildConfigurations = (
				A959EC6623866ACB00A918A9 /* Debug */,
				A959EC6723866ACB00A918A9 /* Release */,
			);
			defaultConfigurationIsVisible = 0;
			defaultConfigurationName = Release;
		};
/* End XCConfigurationList section */
	};
	rootObject = A959EC5623866ACB00A918A9 /* Project object */;
}
